
Microsoft Visual Studio Solution File, Format Version 12.00
# Visual Studio 15
VisualStudioVersion = 15.0.26124.0
MinimumVisualStudioVersion = 15.0.26124.0
Project("{2150E333-8FDC-42A3-9474-1A3956D46DE8}") = "src", "src", "{2D35D7C5-0A2D-447E-9D2A-FD547A3891B8}"
EndProject
Project("{9A19103F-16F7-4668-BE54-9A1E7A4F7556}") = "WebUI", "src\WebUI\WebUI.csproj", "{9704DF02-CD6F-43CC-BAE6-52CA82882DC2}"
EndProject
Global
	GlobalSection(SolutionConfigurationPlatforms) = preSolution
		Debug|Any CPU = Debug|Any CPU
		Debug|x64 = Debug|x64
		Debug|x86 = Debug|x86
		Release|Any CPU = Release|Any CPU
		Release|x64 = Release|x64
		Release|x86 = Release|x86
	EndGlobalSection
	GlobalSection(ProjectConfigurationPlatforms) = postSolution
		{42FED4DB-BB76-40FC-B23B-745058E51291}.Debug|Any CPU.ActiveCfg = Debug|Any CPU
		{42FED4DB-BB76-40FC-B23B-745058E51291}.Debug|Any CPU.Build.0 = Debug|Any CPU
		{42FED4DB-BB76-40FC-B23B-745058E51291}.Debug|x64.ActiveCfg = Debug|Any CPU
		{42FED4DB-BB76-40FC-B23B-745058E51291}.Debug|x64.Build.0 = Debug|Any CPU
		{42FED4DB-BB76-40FC-B23B-745058E51291}.Debug|x86.ActiveCfg = Debug|Any CPU
		{42FED4DB-BB76-40FC-B23B-745058E51291}.Debug|x86.Build.0 = Debug|Any CPU
		{42FED4DB-BB76-40FC-B23B-745058E51291}.Release|Any CPU.ActiveCfg = Release|Any CPU
		{42FED4DB-BB76-40FC-B23B-745058E51291}.Release|Any CPU.Build.0 = Release|Any CPU
		{42FED4DB-BB76-40FC-B23B-745058E51291}.Release|x64.ActiveCfg = Release|Any CPU
		{42FED4DB-BB76-40FC-B23B-745058E51291}.Release|x64.Build.0 = Release|Any CPU
		{42FED4DB-BB76-40FC-B23B-745058E51291}.Release|x86.ActiveCfg = Release|Any CPU
		{42FED4DB-BB76-40FC-B23B-745058E51291}.Release|x86.Build.0 = Release|Any CPU
		{9704DF02-CD6F-43CC-BAE6-52CA82882DC2}.Debug|Any CPU.ActiveCfg = Debug|Any CPU
		{9704DF02-CD6F-43CC-BAE6-52CA82882DC2}.Debug|Any CPU.Build.0 = Debug|Any CPU
		{9704DF02-CD6F-43CC-BAE6-52CA82882DC2}.Debug|x64.ActiveCfg = Debug|Any CPU
		{9704DF02-CD6F-43CC-BAE6-52CA82882DC2}.Debug|x64.Build.0 = Debug|Any CPU
		{9704DF02-CD6F-43CC-BAE6-52CA82882DC2}.Debug|x86.ActiveCfg = Debug|Any CPU
		{9704DF02-CD6F-43CC-BAE6-52CA82882DC2}.Debug|x86.Build.0 = Debug|Any CPU
		{9704DF02-CD6F-43CC-BAE6-52CA82882DC2}.Release|Any CPU.ActiveCfg = Release|Any CPU
		{9704DF02-CD6F-43CC-BAE6-52CA82882DC2}.Release|Any CPU.Build.0 = Release|Any CPU
		{9704DF02-CD6F-43CC-BAE6-52CA82882DC2}.Release|x64.ActiveCfg = Release|Any CPU
		{9704DF02-CD6F-43CC-BAE6-52CA82882DC2}.Release|x64.Build.0 = Release|Any CPU
		{9704DF02-CD6F-43CC-BAE6-52CA82882DC2}.Release|x86.ActiveCfg = Release|Any CPU
		{9704DF02-CD6F-43CC-BAE6-52CA82882DC2}.Release|x86.Build.0 = Release|Any CPU
		{FA02607F-DDBA-45FB-8838-FF53B762D280}.Debug|Any CPU.ActiveCfg = Debug|Any CPU
		{FA02607F-DDBA-45FB-8838-FF53B762D280}.Debug|Any CPU.Build.0 = Debug|Any CPU
		{FA02607F-DDBA-45FB-8838-FF53B762D280}.Debug|x64.ActiveCfg = Debug|Any CPU
		{FA02607F-DDBA-45FB-8838-FF53B762D280}.Debug|x64.Build.0 = Debug|Any CPU
		{FA02607F-DDBA-45FB-8838-FF53B762D280}.Debug|x86.ActiveCfg = Debug|Any CPU
		{FA02607F-DDBA-45FB-8838-FF53B762D280}.Debug|x86.Build.0 = Debug|Any CPU
		{FA02607F-DDBA-45FB-8838-FF53B762D280}.Release|Any CPU.ActiveCfg = Release|Any CPU
		{FA02607F-DDBA-45FB-8838-FF53B762D280}.Release|Any CPU.Build.0 = Release|Any CPU
		{FA02607F-DDBA-45FB-8838-FF53B762D280}.Release|x64.ActiveCfg = Release|Any CPU
		{FA02607F-DDBA-45FB-8838-FF53B762D280}.Release|x64.Build.0 = Release|Any CPU
		{FA02607F-DDBA-45FB-8838-FF53B762D280}.Release|x86.ActiveCfg = Release|Any CPU
		{FA02607F-DDBA-45FB-8838-FF53B762D280}.Release|x86.Build.0 = Release|Any CPU
	EndGlobalSection
	GlobalSection(SolutionProperties) = preSolution
		HideSolutionNode = FALSE
	EndGlobalSection
	GlobalSection(NestedProjects) = preSolution
		{42FED4DB-BB76-40FC-B23B-745058E51291} = {2D35D7C5-0A2D-447E-9D2A-FD547A3891B8}
		{9704DF02-CD6F-43CC-BAE6-52CA82882DC2} = {2D35D7C5-0A2D-447E-9D2A-FD547A3891B8}
	EndGlobalSection
	GlobalSection(ExtensibilityGlobals) = postSolution
		SolutionGuid = {BC7F264E-7110-462E-AA88-71C538B18275}
	EndGlobalSection
EndGlobal
